
Microsoft Visual Studio Solution File, Format Version 12.00
# Visual Studio Version 17
VisualStudioVersion = 17.5.002.0
MinimumVisualStudioVersion = 10.0.40219.1
Project("{9A19103F-16F7-4668-BE54-9A1E7A4F7556}") = "RentalApp", "RentalApp.csproj", "{8308220F-D4C6-42AC-839B-8ADD8CEF8902}"
EndProject
Global
	GlobalSection(SolutionConfigurationPlatforms) = preSolution
		Debug|Any CPU = Debug|Any CPU
		Release|Any CPU = Release|Any CPU
	EndGlobalSection
	GlobalSection(ProjectConfigurationPlatforms) = postSolution
		{8308220F-D4C6-42AC-839B-8ADD8CEF8902}.Debug|Any CPU.ActiveCfg = Debug|Any CPU
		{8308220F-D4C6-42AC-839B-8ADD8CEF8902}.Debug|Any CPU.Build.0 = Debug|Any CPU
		{8308220F-D4C6-42AC-839B-8ADD8CEF8902}.Release|Any CPU.ActiveCfg = Release|Any CPU
		{8308220F-D4C6-42AC-839B-8ADD8CEF8902}.Release|Any CPU.Build.0 = Release|Any CPU
	EndGlobalSection
	GlobalSection(SolutionProperties) = preSolution
		HideSolutionNode = FALSE
	EndGlobalSection
	GlobalSection(ExtensibilityGlobals) = postSolution
		SolutionGuid = {81F3D775-2329-41D9-9D9C-8447F1D6450C}
	EndGlobalSection
EndGlobal
